
Microsoft Visual Studio Solution File, Format Version 12.00
# Visual Studio Version 16
VisualStudioVersion = 16.0.29318.209
MinimumVisualStudioVersion = 10.0.40219.1
Project("{9A19103F-16F7-4668-BE54-9A1E7A4F7556}") = "VADAR.WebAPI", "VADAR\VADAR.WebAPI.csproj", "{0A3FF68B-0529-4776-8A02-38CB492DD927}"
EndProject
Project("{2150E333-8FDC-42A3-9474-1A3956D46DE8}") = "VADAR.Api", "VADAR.Api", "{5AB412A6-96F8-42B8-9074-ECEA3B3A6510}"
EndProject
Project("{9A19103F-16F7-4668-BE54-9A1E7A4F7556}") = "VADAR.Model", "VADAR.Model\VADAR.Model.csproj", "{0A3E8E22-D045-4114-A273-04F1592F5D44}"
EndProject
Project("{9A19103F-16F7-4668-BE54-9A1E7A4F7556}") = "VADAR.Repository", "VADAR.Repository\VADAR.Repository.csproj", "{AA397D93-2057-4897-84A7-F210AF895113}"
EndProject
Project("{9A19103F-16F7-4668-BE54-9A1E7A4F7556}") = "VADAR.Service", "VADAR.Service\VADAR.Service.csproj", "{5DBA1E59-E6CC-49B3-85BE-72F95D4C0E6D}"
EndProject
Project("{2150E333-8FDC-42A3-9474-1A3956D46DE8}") = "VADAR.Common", "VADAR.Common", "{B2D19CB3-82E2-481A-8752-5046C7488127}"
EndProject
Project("{9A19103F-16F7-4668-BE54-9A1E7A4F7556}") = "VADAR.Helpers", "VADAR.Helpers\VADAR.Helpers.csproj", "{61EA8C15-7164-4A76-A267-612D62F5BE2D}"
EndProject
Project("{9A19103F-16F7-4668-BE54-9A1E7A4F7556}") = "VADAR.DTO", "VADAR.DTO\VADAR.DTO.csproj", "{1C0CE574-EE9D-47EA-9AB2-788DB81D34B0}"
EndProject
Project("{9A19103F-16F7-4668-BE54-9A1E7A4F7556}") = "VADAR.Mapping", "VADAR.Mapping\VADAR.Mapping.csproj", "{A9B5B300-B4CD-4B40-9CED-5F0E22AEB2FC}"
EndProject
Project("{9A19103F-16F7-4668-BE54-9A1E7A4F7556}") = "VADAR.Exceptions", "VADAR.Exceptions\VADAR.Exceptions.csproj", "{4B6CF637-0009-4240-9F2C-08C11B35177C}"
EndProject
Project("{2150E333-8FDC-42A3-9474-1A3956D46DE8}") = "VADAR.Tests", "VADAR.Tests", "{43B52F76-1DE7-40FA-A1F1-A5B0D7140011}"
EndProject
Project("{9A19103F-16F7-4668-BE54-9A1E7A4F7556}") = "VADAR.Tests.WebAPI.Unit", "VADAR.Tests.WebAPI.Unit\VADAR.Tests.WebAPI.Unit.csproj", "{808D1E9D-751A-41A8-A81F-1D00805B6C5E}"
EndProject
Project("{9A19103F-16F7-4668-BE54-9A1E7A4F7556}") = "VADAR.Tests.Service.Unit", "VADAR.Tests.Service.Unit\VADAR.Tests.Service.Unit.csproj", "{C0056C6E-C2A9-4707-9ED4-1B22C3C5582F}"
EndProject
Project("{9A19103F-16F7-4668-BE54-9A1E7A4F7556}") = "VADAR.Tests.Repository.Unit", "VADAR.Tests.Repository.Unit\VADAR.Tests.Repository.Unit.csproj", "{57629465-A085-461D-A122-A685CB3E61DC}"
EndProject
Project("{9A19103F-16F7-4668-BE54-9A1E7A4F7556}") = "VADAR.Tests.Model.Unit", "VADAR.Tests.Model.Unit\VADAR.Tests.Model.Unit.csproj", "{45405DF1-3950-4A50-A736-CFC9DB0F3F4C}"
EndProject
Project("{9A19103F-16F7-4668-BE54-9A1E7A4F7556}") = "VADAR.Tests.Exceptions.Unit", "VADAR.Tests.Exceptions.Unit\VADAR.Tests.Exceptions.Unit.csproj", "{BDB30BA9-42E2-4980-A075-811EF8D8FC52}"
EndProject
Project("{9A19103F-16F7-4668-BE54-9A1E7A4F7556}") = "VADAR.Tests.Helpers.Unit", "VADAR.Tests.Helpers.Unit\VADAR.Tests.Helpers.Unit.csproj", "{E826CEFD-191A-4D58-AFF2-CE78E3F03111}"
EndProject
Project("{2150E333-8FDC-42A3-9474-1A3956D46DE8}") = "VADAR.Workers", "VADAR.Workers", "{57775741-A3A6-44EC-9CF2-D1F90D8AAD4B}"
EndProject
Project("{9A19103F-16F7-4668-BE54-9A1E7A4F7556}") = "VADAR.Worker", "VADAR.Worker\VADAR.Worker.csproj", "{FA8CAF8C-C21A-4EFF-9658-B21076669214}"
EndProject
Project("{2150E333-8FDC-42A3-9474-1A3956D46DE8}") = "VADAR.Notifications", "VADAR.Notifications", "{5E4E8ED8-DA24-48CA-8A58-09C6E028B29F}"
EndProject
Project("{9A19103F-16F7-4668-BE54-9A1E7A4F7556}") = "VADAR.NotificationApi", "VADAR.NotificationApi\VADAR.NotificationApi.csproj", "{2DA284F5-A73F-4060-B2F1-02CF895A557E}"
EndProject
Project("{9A19103F-16F7-4668-BE54-9A1E7A4F7556}") = "VADAR.WorkerUpdateLicense", "VADAR.WorkerUpdateLicense\VADAR.WorkerUpdateLicense.csproj", "{51F82B57-F2B8-4985-AABE-E61461A70311}"
EndProject
Project("{9A19103F-16F7-4668-BE54-9A1E7A4F7556}") = "VADAR.WorkersEmailReport", "VADAR.WorkersEmailReport\VADAR.WorkersEmailReport.csproj", "{FDFBDC77-9B8F-400D-80EE-73B709B6D092}"
EndProject
Project("{9A19103F-16F7-4668-BE54-9A1E7A4F7556}") = "VADAR.SyslogWorker", "VADAR.SyslogWorker\VADAR.SyslogWorker.csproj", "{FCB188B0-D419-4833-B6DD-30DD161712CB}"
EndProject
Project("{9A19103F-16F7-4668-BE54-9A1E7A4F7556}") = "VADAR.WorkerNotifications", "VADAR.WorkerNotifications\VADAR.WorkerNotifications.csproj", "{58237100-8676-4B16-B0ED-4035C7116AEE}"
EndProject
Project("{2150E333-8FDC-42A3-9474-1A3956D46DE8}") = "VADAR.Templates", "VADAR.Templates", "{D593388C-F5B6-454A-8918-3859B446FD0A}"
EndProject
Project("{FAE04EC0-301F-11D3-BF4B-00C04F79EFBC}") = "VADAR.Template", "VADAR.Template\VADAR.Template.csproj", "{225A75C0-D17E-48C9-80B8-D787612F9707}"
EndProject
Global
	GlobalSection(SolutionConfigurationPlatforms) = preSolution
		Debug|Any CPU = Debug|Any CPU
		Development|Any CPU = Development|Any CPU
		Production|Any CPU = Production|Any CPU
		QA|Any CPU = QA|Any CPU
		Release|Any CPU = Release|Any CPU
	EndGlobalSection
	GlobalSection(ProjectConfigurationPlatforms) = postSolution
		{0A3FF68B-0529-4776-8A02-38CB492DD927}.Debug|Any CPU.ActiveCfg = Debug|Any CPU
		{0A3FF68B-0529-4776-8A02-38CB492DD927}.Debug|Any CPU.Build.0 = Debug|Any CPU
		{0A3FF68B-0529-4776-8A02-38CB492DD927}.Development|Any CPU.ActiveCfg = Development|Any CPU
		{0A3FF68B-0529-4776-8A02-38CB492DD927}.Development|Any CPU.Build.0 = Development|Any CPU
		{0A3FF68B-0529-4776-8A02-38CB492DD927}.Production|Any CPU.ActiveCfg = Production|Any CPU
		{0A3FF68B-0529-4776-8A02-38CB492DD927}.Production|Any CPU.Build.0 = Production|Any CPU
		{0A3FF68B-0529-4776-8A02-38CB492DD927}.QA|Any CPU.ActiveCfg = QA|Any CPU
		{0A3FF68B-0529-4776-8A02-38CB492DD927}.QA|Any CPU.Build.0 = QA|Any CPU
		{0A3FF68B-0529-4776-8A02-38CB492DD927}.Release|Any CPU.ActiveCfg = Debug|Any CPU
		{0A3FF68B-0529-4776-8A02-38CB492DD927}.Release|Any CPU.Build.0 = Debug|Any CPU
		{0A3E8E22-D045-4114-A273-04F1592F5D44}.Debug|Any CPU.ActiveCfg = Debug|Any CPU
		{0A3E8E22-D045-4114-A273-04F1592F5D44}.Debug|Any CPU.Build.0 = Debug|Any CPU
		{0A3E8E22-D045-4114-A273-04F1592F5D44}.Development|Any CPU.ActiveCfg = Development|Any CPU
		{0A3E8E22-D045-4114-A273-04F1592F5D44}.Development|Any CPU.Build.0 = Development|Any CPU
		{0A3E8E22-D045-4114-A273-04F1592F5D44}.Production|Any CPU.ActiveCfg = Production|Any CPU
		{0A3E8E22-D045-4114-A273-04F1592F5D44}.Production|Any CPU.Build.0 = Production|Any CPU
		{0A3E8E22-D045-4114-A273-04F1592F5D44}.QA|Any CPU.ActiveCfg = QA|Any CPU
		{0A3E8E22-D045-4114-A273-04F1592F5D44}.QA|Any CPU.Build.0 = QA|Any CPU
		{0A3E8E22-D045-4114-A273-04F1592F5D44}.Release|Any CPU.ActiveCfg = Debug|Any CPU
		{0A3E8E22-D045-4114-A273-04F1592F5D44}.Release|Any CPU.Build.0 = Debug|Any CPU
		{AA397D93-2057-4897-84A7-F210AF895113}.Debug|Any CPU.ActiveCfg = Debug|Any CPU
		{AA397D93-2057-4897-84A7-F210AF895113}.Debug|Any CPU.Build.0 = Debug|Any CPU
		{AA397D93-2057-4897-84A7-F210AF895113}.Development|Any CPU.ActiveCfg = Development|Any CPU
		{AA397D93-2057-4897-84A7-F210AF895113}.Development|Any CPU.Build.0 = Development|Any CPU
		{AA397D93-2057-4897-84A7-F210AF895113}.Production|Any CPU.ActiveCfg = Production|Any CPU
		{AA397D93-2057-4897-84A7-F210AF895113}.Production|Any CPU.Build.0 = Production|Any CPU
		{AA397D93-2057-4897-84A7-F210AF895113}.QA|Any CPU.ActiveCfg = QA|Any CPU
		{AA397D93-2057-4897-84A7-F210AF895113}.QA|Any CPU.Build.0 = QA|Any CPU
		{AA397D93-2057-4897-84A7-F210AF895113}.Release|Any CPU.ActiveCfg = Debug|Any CPU
		{AA397D93-2057-4897-84A7-F210AF895113}.Release|Any CPU.Build.0 = Debug|Any CPU
		{5DBA1E59-E6CC-49B3-85BE-72F95D4C0E6D}.Debug|Any CPU.ActiveCfg = Debug|Any CPU
		{5DBA1E59-E6CC-49B3-85BE-72F95D4C0E6D}.Debug|Any CPU.Build.0 = Debug|Any CPU
		{5DBA1E59-E6CC-49B3-85BE-72F95D4C0E6D}.Development|Any CPU.ActiveCfg = Development|Any CPU
		{5DBA1E59-E6CC-49B3-85BE-72F95D4C0E6D}.Development|Any CPU.Build.0 = Development|Any CPU
		{5DBA1E59-E6CC-49B3-85BE-72F95D4C0E6D}.Production|Any CPU.ActiveCfg = Production|Any CPU
		{5DBA1E59-E6CC-49B3-85BE-72F95D4C0E6D}.Production|Any CPU.Build.0 = Production|Any CPU
		{5DBA1E59-E6CC-49B3-85BE-72F95D4C0E6D}.QA|Any CPU.ActiveCfg = QA|Any CPU
		{5DBA1E59-E6CC-49B3-85BE-72F95D4C0E6D}.QA|Any CPU.Build.0 = QA|Any CPU
		{5DBA1E59-E6CC-49B3-85BE-72F95D4C0E6D}.Release|Any CPU.ActiveCfg = Debug|Any CPU
		{5DBA1E59-E6CC-49B3-85BE-72F95D4C0E6D}.Release|Any CPU.Build.0 = Debug|Any CPU
		{61EA8C15-7164-4A76-A267-612D62F5BE2D}.Debug|Any CPU.ActiveCfg = Debug|Any CPU
		{61EA8C15-7164-4A76-A267-612D62F5BE2D}.Debug|Any CPU.Build.0 = Debug|Any CPU
		{61EA8C15-7164-4A76-A267-612D62F5BE2D}.Development|Any CPU.ActiveCfg = Development|Any CPU
		{61EA8C15-7164-4A76-A267-612D62F5BE2D}.Development|Any CPU.Build.0 = Development|Any CPU
		{61EA8C15-7164-4A76-A267-612D62F5BE2D}.Production|Any CPU.ActiveCfg = Production|Any CPU
		{61EA8C15-7164-4A76-A267-612D62F5BE2D}.Production|Any CPU.Build.0 = Production|Any CPU
		{61EA8C15-7164-4A76-A267-612D62F5BE2D}.QA|Any CPU.ActiveCfg = QA|Any CPU
		{61EA8C15-7164-4A76-A267-612D62F5BE2D}.QA|Any CPU.Build.0 = QA|Any CPU
		{61EA8C15-7164-4A76-A267-612D62F5BE2D}.Release|Any CPU.ActiveCfg = Debug|Any CPU
		{61EA8C15-7164-4A76-A267-612D62F5BE2D}.Release|Any CPU.Build.0 = Debug|Any CPU
		{1C0CE574-EE9D-47EA-9AB2-788DB81D34B0}.Debug|Any CPU.ActiveCfg = Debug|Any CPU
		{1C0CE574-EE9D-47EA-9AB2-788DB81D34B0}.Debug|Any CPU.Build.0 = Debug|Any CPU
		{1C0CE574-EE9D-47EA-9AB2-788DB81D34B0}.Development|Any CPU.ActiveCfg = Development|Any CPU
		{1C0CE574-EE9D-47EA-9AB2-788DB81D34B0}.Development|Any CPU.Build.0 = Development|Any CPU
		{1C0CE574-EE9D-47EA-9AB2-788DB81D34B0}.Production|Any CPU.ActiveCfg = Production|Any CPU
		{1C0CE574-EE9D-47EA-9AB2-788DB81D34B0}.Production|Any CPU.Build.0 = Production|Any CPU
		{1C0CE574-EE9D-47EA-9AB2-788DB81D34B0}.QA|Any CPU.ActiveCfg = QA|Any CPU
		{1C0CE574-EE9D-47EA-9AB2-788DB81D34B0}.QA|Any CPU.Build.0 = QA|Any CPU
		{1C0CE574-EE9D-47EA-9AB2-788DB81D34B0}.Release|Any CPU.ActiveCfg = Debug|Any CPU
		{1C0CE574-EE9D-47EA-9AB2-788DB81D34B0}.Release|Any CPU.Build.0 = Debug|Any CPU
		{A9B5B300-B4CD-4B40-9CED-5F0E22AEB2FC}.Debug|Any CPU.ActiveCfg = Debug|Any CPU
		{A9B5B300-B4CD-4B40-9CED-5F0E22AEB2FC}.Debug|Any CPU.Build.0 = Debug|Any CPU
		{A9B5B300-B4CD-4B40-9CED-5F0E22AEB2FC}.Development|Any CPU.ActiveCfg = Development|Any CPU
		{A9B5B300-B4CD-4B40-9CED-5F0E22AEB2FC}.Development|Any CPU.Build.0 = Development|Any CPU
		{A9B5B300-B4CD-4B40-9CED-5F0E22AEB2FC}.Production|Any CPU.ActiveCfg = Production|Any CPU
		{A9B5B300-B4CD-4B40-9CED-5F0E22AEB2FC}.Production|Any CPU.Build.0 = Production|Any CPU
		{A9B5B300-B4CD-4B40-9CED-5F0E22AEB2FC}.QA|Any CPU.ActiveCfg = QA|Any CPU
		{A9B5B300-B4CD-4B40-9CED-5F0E22AEB2FC}.QA|Any CPU.Build.0 = QA|Any CPU
		{A9B5B300-B4CD-4B40-9CED-5F0E22AEB2FC}.Release|Any CPU.ActiveCfg = Debug|Any CPU
		{A9B5B300-B4CD-4B40-9CED-5F0E22AEB2FC}.Release|Any CPU.Build.0 = Debug|Any CPU
		{4B6CF637-0009-4240-9F2C-08C11B35177C}.Debug|Any CPU.ActiveCfg = Debug|Any CPU
		{4B6CF637-0009-4240-9F2C-08C11B35177C}.Debug|Any CPU.Build.0 = Debug|Any CPU
		{4B6CF637-0009-4240-9F2C-08C11B35177C}.Development|Any CPU.ActiveCfg = Development|Any CPU
		{4B6CF637-0009-4240-9F2C-08C11B35177C}.Development|Any CPU.Build.0 = Development|Any CPU
		{4B6CF637-0009-4240-9F2C-08C11B35177C}.Production|Any CPU.ActiveCfg = Production|Any CPU
		{4B6CF637-0009-4240-9F2C-08C11B35177C}.Production|Any CPU.Build.0 = Production|Any CPU
		{4B6CF637-0009-4240-9F2C-08C11B35177C}.QA|Any CPU.ActiveCfg = QA|Any CPU
		{4B6CF637-0009-4240-9F2C-08C11B35177C}.QA|Any CPU.Build.0 = QA|Any CPU
		{4B6CF637-0009-4240-9F2C-08C11B35177C}.Release|Any CPU.ActiveCfg = Release|Any CPU
		{4B6CF637-0009-4240-9F2C-08C11B35177C}.Release|Any CPU.Build.0 = Release|Any CPU
		{808D1E9D-751A-41A8-A81F-1D00805B6C5E}.Debug|Any CPU.ActiveCfg = Debug|Any CPU
		{808D1E9D-751A-41A8-A81F-1D00805B6C5E}.Development|Any CPU.ActiveCfg = Debug|Any CPU
		{808D1E9D-751A-41A8-A81F-1D00805B6C5E}.Development|Any CPU.Build.0 = Debug|Any CPU
		{808D1E9D-751A-41A8-A81F-1D00805B6C5E}.Production|Any CPU.ActiveCfg = Debug|Any CPU
		{808D1E9D-751A-41A8-A81F-1D00805B6C5E}.Production|Any CPU.Build.0 = Debug|Any CPU
		{808D1E9D-751A-41A8-A81F-1D00805B6C5E}.QA|Any CPU.ActiveCfg = Debug|Any CPU
		{808D1E9D-751A-41A8-A81F-1D00805B6C5E}.QA|Any CPU.Build.0 = Debug|Any CPU
		{808D1E9D-751A-41A8-A81F-1D00805B6C5E}.Release|Any CPU.ActiveCfg = Release|Any CPU
		{808D1E9D-751A-41A8-A81F-1D00805B6C5E}.Release|Any CPU.Build.0 = Release|Any CPU
		{C0056C6E-C2A9-4707-9ED4-1B22C3C5582F}.Debug|Any CPU.ActiveCfg = Debug|Any CPU
		{C0056C6E-C2A9-4707-9ED4-1B22C3C5582F}.Development|Any CPU.ActiveCfg = Debug|Any CPU
		{C0056C6E-C2A9-4707-9ED4-1B22C3C5582F}.Development|Any CPU.Build.0 = Debug|Any CPU
		{C0056C6E-C2A9-4707-9ED4-1B22C3C5582F}.Production|Any CPU.ActiveCfg = Debug|Any CPU
		{C0056C6E-C2A9-4707-9ED4-1B22C3C5582F}.Production|Any CPU.Build.0 = Debug|Any CPU
		{C0056C6E-C2A9-4707-9ED4-1B22C3C5582F}.QA|Any CPU.ActiveCfg = Debug|Any CPU
		{C0056C6E-C2A9-4707-9ED4-1B22C3C5582F}.QA|Any CPU.Build.0 = Debug|Any CPU
		{C0056C6E-C2A9-4707-9ED4-1B22C3C5582F}.Release|Any CPU.ActiveCfg = Release|Any CPU
		{C0056C6E-C2A9-4707-9ED4-1B22C3C5582F}.Release|Any CPU.Build.0 = Release|Any CPU
		{57629465-A085-461D-A122-A685CB3E61DC}.Debug|Any CPU.ActiveCfg = Debug|Any CPU
		{57629465-A085-461D-A122-A685CB3E61DC}.Development|Any CPU.ActiveCfg = Debug|Any CPU
		{57629465-A085-461D-A122-A685CB3E61DC}.Development|Any CPU.Build.0 = Debug|Any CPU
		{57629465-A085-461D-A122-A685CB3E61DC}.Production|Any CPU.ActiveCfg = Debug|Any CPU
		{57629465-A085-461D-A122-A685CB3E61DC}.Production|Any CPU.Build.0 = Debug|Any CPU
		{57629465-A085-461D-A122-A685CB3E61DC}.QA|Any CPU.ActiveCfg = Debug|Any CPU
		{57629465-A085-461D-A122-A685CB3E61DC}.QA|Any CPU.Build.0 = Debug|Any CPU
		{57629465-A085-461D-A122-A685CB3E61DC}.Release|Any CPU.ActiveCfg = Release|Any CPU
		{57629465-A085-461D-A122-A685CB3E61DC}.Release|Any CPU.Build.0 = Release|Any CPU
		{45405DF1-3950-4A50-A736-CFC9DB0F3F4C}.Debug|Any CPU.ActiveCfg = Debug|Any CPU
		{45405DF1-3950-4A50-A736-CFC9DB0F3F4C}.Development|Any CPU.ActiveCfg = Debug|Any CPU
		{45405DF1-3950-4A50-A736-CFC9DB0F3F4C}.Development|Any CPU.Build.0 = Debug|Any CPU
		{45405DF1-3950-4A50-A736-CFC9DB0F3F4C}.Production|Any CPU.ActiveCfg = Debug|Any CPU
		{45405DF1-3950-4A50-A736-CFC9DB0F3F4C}.Production|Any CPU.Build.0 = Debug|Any CPU
		{45405DF1-3950-4A50-A736-CFC9DB0F3F4C}.QA|Any CPU.ActiveCfg = Debug|Any CPU
		{45405DF1-3950-4A50-A736-CFC9DB0F3F4C}.QA|Any CPU.Build.0 = Debug|Any CPU
		{45405DF1-3950-4A50-A736-CFC9DB0F3F4C}.Release|Any CPU.ActiveCfg = Release|Any CPU
		{45405DF1-3950-4A50-A736-CFC9DB0F3F4C}.Release|Any CPU.Build.0 = Release|Any CPU
		{BDB30BA9-42E2-4980-A075-811EF8D8FC52}.Debug|Any CPU.ActiveCfg = Debug|Any CPU
		{BDB30BA9-42E2-4980-A075-811EF8D8FC52}.Development|Any CPU.ActiveCfg = Debug|Any CPU
		{BDB30BA9-42E2-4980-A075-811EF8D8FC52}.Development|Any CPU.Build.0 = Debug|Any CPU
		{BDB30BA9-42E2-4980-A075-811EF8D8FC52}.Production|Any CPU.ActiveCfg = Debug|Any CPU
		{BDB30BA9-42E2-4980-A075-811EF8D8FC52}.Production|Any CPU.Build.0 = Debug|Any CPU
		{BDB30BA9-42E2-4980-A075-811EF8D8FC52}.QA|Any CPU.ActiveCfg = Debug|Any CPU
		{BDB30BA9-42E2-4980-A075-811EF8D8FC52}.QA|Any CPU.Build.0 = Debug|Any CPU
		{BDB30BA9-42E2-4980-A075-811EF8D8FC52}.Release|Any CPU.ActiveCfg = Release|Any CPU
		{BDB30BA9-42E2-4980-A075-811EF8D8FC52}.Release|Any CPU.Build.0 = Release|Any CPU
		{E826CEFD-191A-4D58-AFF2-CE78E3F03111}.Debug|Any CPU.ActiveCfg = Debug|Any CPU
		{E826CEFD-191A-4D58-AFF2-CE78E3F03111}.Development|Any CPU.ActiveCfg = Debug|Any CPU
		{E826CEFD-191A-4D58-AFF2-CE78E3F03111}.Development|Any CPU.Build.0 = Debug|Any CPU
		{E826CEFD-191A-4D58-AFF2-CE78E3F03111}.Production|Any CPU.ActiveCfg = Debug|Any CPU
		{E826CEFD-191A-4D58-AFF2-CE78E3F03111}.Production|Any CPU.Build.0 = Debug|Any CPU
		{E826CEFD-191A-4D58-AFF2-CE78E3F03111}.QA|Any CPU.ActiveCfg = Debug|Any CPU
		{E826CEFD-191A-4D58-AFF2-CE78E3F03111}.QA|Any CPU.Build.0 = Debug|Any CPU
		{E826CEFD-191A-4D58-AFF2-CE78E3F03111}.Release|Any CPU.ActiveCfg = Release|Any CPU
		{E826CEFD-191A-4D58-AFF2-CE78E3F03111}.Release|Any CPU.Build.0 = Release|Any CPU
		{FA8CAF8C-C21A-4EFF-9658-B21076669214}.Debug|Any CPU.ActiveCfg = Debug|Any CPU
		{FA8CAF8C-C21A-4EFF-9658-B21076669214}.Debug|Any CPU.Build.0 = Debug|Any CPU
		{FA8CAF8C-C21A-4EFF-9658-B21076669214}.Development|Any CPU.ActiveCfg = Debug|Any CPU
		{FA8CAF8C-C21A-4EFF-9658-B21076669214}.Development|Any CPU.Build.0 = Debug|Any CPU
		{FA8CAF8C-C21A-4EFF-9658-B21076669214}.Production|Any CPU.ActiveCfg = Debug|Any CPU
		{FA8CAF8C-C21A-4EFF-9658-B21076669214}.Production|Any CPU.Build.0 = Debug|Any CPU
		{FA8CAF8C-C21A-4EFF-9658-B21076669214}.QA|Any CPU.ActiveCfg = Debug|Any CPU
		{FA8CAF8C-C21A-4EFF-9658-B21076669214}.QA|Any CPU.Build.0 = Debug|Any CPU
		{FA8CAF8C-C21A-4EFF-9658-B21076669214}.Release|Any CPU.ActiveCfg = Release|Any CPU
		{FA8CAF8C-C21A-4EFF-9658-B21076669214}.Release|Any CPU.Build.0 = Release|Any CPU
		{2DA284F5-A73F-4060-B2F1-02CF895A557E}.Debug|Any CPU.ActiveCfg = Debug|Any CPU
		{2DA284F5-A73F-4060-B2F1-02CF895A557E}.Debug|Any CPU.Build.0 = Debug|Any CPU
		{2DA284F5-A73F-4060-B2F1-02CF895A557E}.Development|Any CPU.ActiveCfg = Debug|Any CPU
		{2DA284F5-A73F-4060-B2F1-02CF895A557E}.Development|Any CPU.Build.0 = Debug|Any CPU
		{2DA284F5-A73F-4060-B2F1-02CF895A557E}.Production|Any CPU.ActiveCfg = Debug|Any CPU
		{2DA284F5-A73F-4060-B2F1-02CF895A557E}.Production|Any CPU.Build.0 = Debug|Any CPU
		{2DA284F5-A73F-4060-B2F1-02CF895A557E}.QA|Any CPU.ActiveCfg = Debug|Any CPU
		{2DA284F5-A73F-4060-B2F1-02CF895A557E}.QA|Any CPU.Build.0 = Debug|Any CPU
		{2DA284F5-A73F-4060-B2F1-02CF895A557E}.Release|Any CPU.ActiveCfg = Release|Any CPU
		{2DA284F5-A73F-4060-B2F1-02CF895A557E}.Release|Any CPU.Build.0 = Release|Any CPU
		{51F82B57-F2B8-4985-AABE-E61461A70311}.Debug|Any CPU.ActiveCfg = Debug|Any CPU
		{51F82B57-F2B8-4985-AABE-E61461A70311}.Debug|Any CPU.Build.0 = Debug|Any CPU
		{51F82B57-F2B8-4985-AABE-E61461A70311}.Development|Any CPU.ActiveCfg = Debug|Any CPU
		{51F82B57-F2B8-4985-AABE-E61461A70311}.Development|Any CPU.Build.0 = Debug|Any CPU
		{51F82B57-F2B8-4985-AABE-E61461A70311}.Production|Any CPU.ActiveCfg = Debug|Any CPU
		{51F82B57-F2B8-4985-AABE-E61461A70311}.Production|Any CPU.Build.0 = Debug|Any CPU
		{51F82B57-F2B8-4985-AABE-E61461A70311}.QA|Any CPU.ActiveCfg = Debug|Any CPU
		{51F82B57-F2B8-4985-AABE-E61461A70311}.QA|Any CPU.Build.0 = Debug|Any CPU
		{51F82B57-F2B8-4985-AABE-E61461A70311}.Release|Any CPU.ActiveCfg = Release|Any CPU
		{51F82B57-F2B8-4985-AABE-E61461A70311}.Release|Any CPU.Build.0 = Release|Any CPU
		{FDFBDC77-9B8F-400D-80EE-73B709B6D092}.Debug|Any CPU.ActiveCfg = Debug|Any CPU
		{FDFBDC77-9B8F-400D-80EE-73B709B6D092}.Debug|Any CPU.Build.0 = Debug|Any CPU
		{FDFBDC77-9B8F-400D-80EE-73B709B6D092}.Development|Any CPU.ActiveCfg = Debug|Any CPU
		{FDFBDC77-9B8F-400D-80EE-73B709B6D092}.Development|Any CPU.Build.0 = Debug|Any CPU
		{FDFBDC77-9B8F-400D-80EE-73B709B6D092}.Production|Any CPU.ActiveCfg = Debug|Any CPU
		{FDFBDC77-9B8F-400D-80EE-73B709B6D092}.Production|Any CPU.Build.0 = Debug|Any CPU
		{FDFBDC77-9B8F-400D-80EE-73B709B6D092}.QA|Any CPU.ActiveCfg = Debug|Any CPU
		{FDFBDC77-9B8F-400D-80EE-73B709B6D092}.QA|Any CPU.Build.0 = Debug|Any CPU
		{FDFBDC77-9B8F-400D-80EE-73B709B6D092}.Release|Any CPU.ActiveCfg = Release|Any CPU
		{FDFBDC77-9B8F-400D-80EE-73B709B6D092}.Release|Any CPU.Build.0 = Release|Any CPU
		{FCB188B0-D419-4833-B6DD-30DD161712CB}.Debug|Any CPU.ActiveCfg = Debug|Any CPU
		{FCB188B0-D419-4833-B6DD-30DD161712CB}.Debug|Any CPU.Build.0 = Debug|Any CPU
		{FCB188B0-D419-4833-B6DD-30DD161712CB}.Development|Any CPU.ActiveCfg = Debug|Any CPU
		{FCB188B0-D419-4833-B6DD-30DD161712CB}.Development|Any CPU.Build.0 = Debug|Any CPU
		{FCB188B0-D419-4833-B6DD-30DD161712CB}.Production|Any CPU.ActiveCfg = Debug|Any CPU
		{FCB188B0-D419-4833-B6DD-30DD161712CB}.Production|Any CPU.Build.0 = Debug|Any CPU
		{FCB188B0-D419-4833-B6DD-30DD161712CB}.QA|Any CPU.ActiveCfg = Debug|Any CPU
		{FCB188B0-D419-4833-B6DD-30DD161712CB}.QA|Any CPU.Build.0 = Debug|Any CPU
		{FCB188B0-D419-4833-B6DD-30DD161712CB}.Release|Any CPU.ActiveCfg = Release|Any CPU
		{FCB188B0-D419-4833-B6DD-30DD161712CB}.Release|Any CPU.Build.0 = Release|Any CPU
		{58237100-8676-4B16-B0ED-4035C7116AEE}.Debug|Any CPU.ActiveCfg = Debug|Any CPU
		{58237100-8676-4B16-B0ED-4035C7116AEE}.Debug|Any CPU.Build.0 = Debug|Any CPU
		{58237100-8676-4B16-B0ED-4035C7116AEE}.Development|Any CPU.ActiveCfg = Debug|Any CPU
		{58237100-8676-4B16-B0ED-4035C7116AEE}.Development|Any CPU.Build.0 = Debug|Any CPU
		{58237100-8676-4B16-B0ED-4035C7116AEE}.Production|Any CPU.ActiveCfg = Debug|Any CPU
		{58237100-8676-4B16-B0ED-4035C7116AEE}.Production|Any CPU.Build.0 = Debug|Any CPU
		{58237100-8676-4B16-B0ED-4035C7116AEE}.QA|Any CPU.ActiveCfg = Debug|Any CPU
		{58237100-8676-4B16-B0ED-4035C7116AEE}.QA|Any CPU.Build.0 = Debug|Any CPU
		{58237100-8676-4B16-B0ED-4035C7116AEE}.Release|Any CPU.ActiveCfg = Release|Any CPU
		{58237100-8676-4B16-B0ED-4035C7116AEE}.Release|Any CPU.Build.0 = Release|Any CPU
		{225A75C0-D17E-48C9-80B8-D787612F9707}.Debug|Any CPU.ActiveCfg = Debug|Any CPU
		{225A75C0-D17E-48C9-80B8-D787612F9707}.Debug|Any CPU.Build.0 = Debug|Any CPU
		{225A75C0-D17E-48C9-80B8-D787612F9707}.Development|Any CPU.ActiveCfg = Debug|Any CPU
		{225A75C0-D17E-48C9-80B8-D787612F9707}.Development|Any CPU.Build.0 = Debug|Any CPU
		{225A75C0-D17E-48C9-80B8-D787612F9707}.Production|Any CPU.ActiveCfg = Debug|Any CPU
		{225A75C0-D17E-48C9-80B8-D787612F9707}.Production|Any CPU.Build.0 = Debug|Any CPU
		{225A75C0-D17E-48C9-80B8-D787612F9707}.QA|Any CPU.ActiveCfg = Debug|Any CPU
		{225A75C0-D17E-48C9-80B8-D787612F9707}.QA|Any CPU.Build.0 = Debug|Any CPU
		{225A75C0-D17E-48C9-80B8-D787612F9707}.Release|Any CPU.ActiveCfg = Release|Any CPU
		{225A75C0-D17E-48C9-80B8-D787612F9707}.Release|Any CPU.Build.0 = Release|Any CPU
	EndGlobalSection
	GlobalSection(SolutionProperties) = preSolution
		HideSolutionNode = FALSE
	EndGlobalSection
	GlobalSection(NestedProjects) = preSolution
		{0A3FF68B-0529-4776-8A02-38CB492DD927} = {5AB412A6-96F8-42B8-9074-ECEA3B3A6510}
		{0A3E8E22-D045-4114-A273-04F1592F5D44} = {5AB412A6-96F8-42B8-9074-ECEA3B3A6510}
		{AA397D93-2057-4897-84A7-F210AF895113} = {5AB412A6-96F8-42B8-9074-ECEA3B3A6510}
		{5DBA1E59-E6CC-49B3-85BE-72F95D4C0E6D} = {5AB412A6-96F8-42B8-9074-ECEA3B3A6510}
		{61EA8C15-7164-4A76-A267-612D62F5BE2D} = {B2D19CB3-82E2-481A-8752-5046C7488127}
		{1C0CE574-EE9D-47EA-9AB2-788DB81D34B0} = {5AB412A6-96F8-42B8-9074-ECEA3B3A6510}
		{A9B5B300-B4CD-4B40-9CED-5F0E22AEB2FC} = {5AB412A6-96F8-42B8-9074-ECEA3B3A6510}
		{4B6CF637-0009-4240-9F2C-08C11B35177C} = {B2D19CB3-82E2-481A-8752-5046C7488127}
		{808D1E9D-751A-41A8-A81F-1D00805B6C5E} = {43B52F76-1DE7-40FA-A1F1-A5B0D7140011}
		{C0056C6E-C2A9-4707-9ED4-1B22C3C5582F} = {43B52F76-1DE7-40FA-A1F1-A5B0D7140011}
		{57629465-A085-461D-A122-A685CB3E61DC} = {43B52F76-1DE7-40FA-A1F1-A5B0D7140011}
		{45405DF1-3950-4A50-A736-CFC9DB0F3F4C} = {43B52F76-1DE7-40FA-A1F1-A5B0D7140011}
		{BDB30BA9-42E2-4980-A075-811EF8D8FC52} = {43B52F76-1DE7-40FA-A1F1-A5B0D7140011}
		{E826CEFD-191A-4D58-AFF2-CE78E3F03111} = {43B52F76-1DE7-40FA-A1F1-A5B0D7140011}
		{FA8CAF8C-C21A-4EFF-9658-B21076669214} = {57775741-A3A6-44EC-9CF2-D1F90D8AAD4B}
		{2DA284F5-A73F-4060-B2F1-02CF895A557E} = {5E4E8ED8-DA24-48CA-8A58-09C6E028B29F}
		{51F82B57-F2B8-4985-AABE-E61461A70311} = {57775741-A3A6-44EC-9CF2-D1F90D8AAD4B}
		{FDFBDC77-9B8F-400D-80EE-73B709B6D092} = {57775741-A3A6-44EC-9CF2-D1F90D8AAD4B}
		{FCB188B0-D419-4833-B6DD-30DD161712CB} = {57775741-A3A6-44EC-9CF2-D1F90D8AAD4B}
		{58237100-8676-4B16-B0ED-4035C7116AEE} = {57775741-A3A6-44EC-9CF2-D1F90D8AAD4B}
		{225A75C0-D17E-48C9-80B8-D787612F9707} = {D593388C-F5B6-454A-8918-3859B446FD0A}
	EndGlobalSection
	GlobalSection(ExtensibilityGlobals) = postSolution
		SolutionGuid = {3DVSECA364-B36E-41ED-A06E-9BCFC071A932}
	EndGlobalSection
EndGlobal
